
Microsoft Visual Studio Solution File, Format Version 12.00
# Visual Studio Version 16
VisualStudioVersion = 16.0.29806.167
MinimumVisualStudioVersion = 10.0.40219.1
Project("{FAE04EC0-301F-11D3-BF4B-00C04F79EFBC}") = "ESolutions.Net", "ESolutions.Net\ESolutions.Net.csproj", "{15BC7BC4-CA33-4F57-8ACB-2CA7730DD8E1}"
EndProject
Project("{FAE04EC0-301F-11D3-BF4B-00C04F79EFBC}") = "ESolutions.Net.Tests", "ESolutions.Net.Tests\ESolutions.Net.Tests.csproj", "{7CC3AF3F-FFC8-4460-AECE-6C439D99F988}"
EndProject
Global
	GlobalSection(SolutionConfigurationPlatforms) = preSolution
		Debug|Any CPU = Debug|Any CPU
		Release|Any CPU = Release|Any CPU
	EndGlobalSection
	GlobalSection(ProjectConfigurationPlatforms) = postSolution
		{15BC7BC4-CA33-4F57-8ACB-2CA7730DD8E1}.Debug|Any CPU.ActiveCfg = Debug|Any CPU
		{15BC7BC4-CA33-4F57-8ACB-2CA7730DD8E1}.Debug|Any CPU.Build.0 = Debug|Any CPU
		{15BC7BC4-CA33-4F57-8ACB-2CA7730DD8E1}.Release|Any CPU.ActiveCfg = Release|Any CPU
		{15BC7BC4-CA33-4F57-8ACB-2CA7730DD8E1}.Release|Any CPU.Build.0 = Release|Any CPU
		{7CC3AF3F-FFC8-4460-AECE-6C439D99F988}.Debug|Any CPU.ActiveCfg = Debug|Any CPU
		{7CC3AF3F-FFC8-4460-AECE-6C439D99F988}.Debug|Any CPU.Build.0 = Debug|Any CPU
		{7CC3AF3F-FFC8-4460-AECE-6C439D99F988}.Release|Any CPU.ActiveCfg = Release|Any CPU
		{7CC3AF3F-FFC8-4460-AECE-6C439D99F988}.Release|Any CPU.Build.0 = Release|Any CPU
	EndGlobalSection
	GlobalSection(SolutionProperties) = preSolution
		HideSolutionNode = FALSE
	EndGlobalSection
	GlobalSection(ExtensibilityGlobals) = postSolution
		SolutionGuid = {AC901A09-65D0-4CD0-B3C9-6D5DBA08B0BD}
	EndGlobalSection
EndGlobal
